// !$*UTF8*$!
{
	archiveVersion = 1;
	classes = {
	};
	objectVersion = 77;
	objects = {

/* Begin PBXBuildFile section */
		DB251C072D0573270000D82F /* ResultSheet.swift in Sources */ = {isa = PBXBuildFile; fileRef = DB251C062D0573270000D82F /* ResultSheet.swift */; };
		DB251C0D2D064BAD0000D82F /* MenuView.swift in Sources */ = {isa = PBXBuildFile; fileRef = DB251C0C2D064BAD0000D82F /* MenuView.swift */; };
		DB251C112D06CFDE0000D82F /* MonitorListViewModel.swift in Sources */ = {isa = PBXBuildFile; fileRef = DB251C102D06CFDE0000D82F /* MonitorListViewModel.swift */; };
		DB2D42CD2DB58C4D000AF79B /* FirebaseMessaging in Frameworks */ = {isa = PBXBuildFile; productRef = DB2D42CC2DB58C4D000AF79B /* FirebaseMessaging */; };
		DB3C89082D0FA84600CB40CE /* FirebaseAnalytics in Frameworks */ = {isa = PBXBuildFile; productRef = DB3C89072D0FA84600CB40CE /* FirebaseAnalytics */; };
		DB3C890A2D0FA84600CB40CE /* FirebaseAnalyticsOnDeviceConversion in Frameworks */ = {isa = PBXBuildFile; productRef = DB3C89092D0FA84600CB40CE /* FirebaseAnalyticsOnDeviceConversion */; };
		DB3C890C2D0FA84600CB40CE /* FirebaseAnalyticsWithoutAdIdSupport in Frameworks */ = {isa = PBXBuildFile; productRef = DB3C890B2D0FA84600CB40CE /* FirebaseAnalyticsWithoutAdIdSupport */; };
		DB3C890E2D0FA84600CB40CE /* FirebaseAppCheck in Frameworks */ = {isa = PBXBuildFile; productRef = DB3C890D2D0FA84600CB40CE /* FirebaseAppCheck */; };
		DB3C89102D0FA84600CB40CE /* FirebaseAppDistribution-Beta in Frameworks */ = {isa = PBXBuildFile; productRef = DB3C890F2D0FA84600CB40CE /* FirebaseAppDistribution-Beta */; };
		DB3C89122D0FA84600CB40CE /* FirebaseCore in Frameworks */ = {isa = PBXBuildFile; productRef = DB3C89112D0FA84600CB40CE /* FirebaseCore */; };
		DB3C89142D0FA84600CB40CE /* FirebaseCrashlytics in Frameworks */ = {isa = PBXBuildFile; productRef = DB3C89132D0FA84600CB40CE /* FirebaseCrashlytics */; };
		DB3C89162D0FA84600CB40CE /* FirebaseDatabase in Frameworks */ = {isa = PBXBuildFile; productRef = DB3C89152D0FA84600CB40CE /* FirebaseDatabase */; };
		DB3C89182D0FA84600CB40CE /* FirebaseFirestore in Frameworks */ = {isa = PBXBuildFile; productRef = DB3C89172D0FA84600CB40CE /* FirebaseFirestore */; };
		DB7C632B2DCFCB0A001CC983 /* BCVHistoryModels.swift in Sources */ = {isa = PBXBuildFile; fileRef = DB7C632A2DCFCAFB001CC983 /* BCVHistoryModels.swift */; };
		DBA82F742CFD72DB004A0C4F /* BotonInfoPrecio.swift in Sources */ = {isa = PBXBuildFile; fileRef = DBA82F732CFD72DB004A0C4F /* BotonInfoPrecio.swift */; };
		DBA82F812CFE44CE004A0C4F /* TextFieldPersonal.swift in Sources */ = {isa = PBXBuildFile; fileRef = DBA82F802CFE44CE004A0C4F /* TextFieldPersonal.swift */; };
		DBA82F842CFEB876004A0C4F /* Model.swift in Sources */ = {isa = PBXBuildFile; fileRef = DBA82F832CFEB876004A0C4F /* Model.swift */; };
		DBBEF0E22D11F46F00ED3FA1 /* MenuSliderView.swift in Sources */ = {isa = PBXBuildFile; fileRef = DBBEF0E12D11F46F00ED3FA1 /* MenuSliderView.swift */; };
		DBC080962D07FC1300BF2923 /* MonitorBcvListViewModel.swift in Sources */ = {isa = PBXBuildFile; fileRef = DBC080952D07FC1300BF2923 /* MonitorBcvListViewModel.swift */; };
		DBC0809A2D091C7800BF2923 /* LabeledTextFieldWithIcon.swift in Sources */ = {isa = PBXBuildFile; fileRef = DBC080992D091C7800BF2923 /* LabeledTextFieldWithIcon.swift */; };
		DBC0809E2D0920D600BF2923 /* UserData.swift in Sources */ = {isa = PBXBuildFile; fileRef = DBC0809D2D0920D600BF2923 /* UserData.swift */; };
		DBC080A02D09210400BF2923 /* UserDataManager.swift in Sources */ = {isa = PBXBuildFile; fileRef = DBC0809F2D09210400BF2923 /* UserDataManager.swift */; };
/* End PBXBuildFile section */

/* Begin PBXFileReference section */
		DB251C062D0573270000D82F /* ResultSheet.swift */ = {isa = PBXFileReference; lastKnownFileType = sourcecode.swift; path = ResultSheet.swift; sourceTree = "<group>"; };
		DB251C0C2D064BAD0000D82F /* MenuView.swift */ = {isa = PBXFileReference; lastKnownFileType = sourcecode.swift; path = MenuView.swift; sourceTree = "<group>"; };
		DB251C102D06CFDE0000D82F /* MonitorListViewModel.swift */ = {isa = PBXFileReference; lastKnownFileType = sourcecode.swift; path = MonitorListViewModel.swift; sourceTree = "<group>"; };
		DB7C632A2DCFCAFB001CC983 /* BCVHistoryModels.swift */ = {isa = PBXFileReference; lastKnownFileType = sourcecode.swift; path = BCVHistoryModels.swift; sourceTree = "<group>"; };
		DBA82F732CFD72DB004A0C4F /* BotonInfoPrecio.swift */ = {isa = PBXFileReference; lastKnownFileType = sourcecode.swift; path = BotonInfoPrecio.swift; sourceTree = "<group>"; };
		DBA82F802CFE44CE004A0C4F /* TextFieldPersonal.swift */ = {isa = PBXFileReference; lastKnownFileType = sourcecode.swift; path = TextFieldPersonal.swift; sourceTree = "<group>"; };
		DBA82F832CFEB876004A0C4F /* Model.swift */ = {isa = PBXFileReference; lastKnownFileType = sourcecode.swift; path = Model.swift; sourceTree = "<group>"; };
		DBBEF0E12D11F46F00ED3FA1 /* MenuSliderView.swift */ = {isa = PBXFileReference; lastKnownFileType = sourcecode.swift; path = MenuSliderView.swift; sourceTree = "<group>"; };
		DBC080952D07FC1300BF2923 /* MonitorBcvListViewModel.swift */ = {isa = PBXFileReference; lastKnownFileType = sourcecode.swift; path = MonitorBcvListViewModel.swift; sourceTree = "<group>"; };
		DBC080992D091C7800BF2923 /* LabeledTextFieldWithIcon.swift */ = {isa = PBXFileReference; lastKnownFileType = sourcecode.swift; path = LabeledTextFieldWithIcon.swift; sourceTree = "<group>"; };
		DBC0809D2D0920D600BF2923 /* UserData.swift */ = {isa = PBXFileReference; lastKnownFileType = sourcecode.swift; path = UserData.swift; sourceTree = "<group>"; };
		DBC0809F2D09210400BF2923 /* UserDataManager.swift */ = {isa = PBXFileReference; lastKnownFileType = sourcecode.swift; path = UserDataManager.swift; sourceTree = "<group>"; };
		DBF6672D2CFC369100394884 /* DolarAlDia.app */ = {isa = PBXFileReference; explicitFileType = wrapper.application; includeInIndex = 0; path = DolarAlDia.app; sourceTree = BUILT_PRODUCTS_DIR; };
/* End PBXFileReference section */

/* Begin PBXFileSystemSynchronizedBuildFileExceptionSet section */
		DB45430B2DD6E72800B07E9C /* Exceptions for "DolarAlDia" folder in "DolarAlDia" target */ = {
			isa = PBXFileSystemSynchronizedBuildFileExceptionSet;
			membershipExceptions = (
				Info.plist,
			);
			target = DBF6672C2CFC369100394884 /* DolarAlDia */;
		};
/* End PBXFileSystemSynchronizedBuildFileExceptionSet section */

/* Begin PBXFileSystemSynchronizedRootGroup section */
		DBF6672F2CFC369100394884 /* DolarAlDia */ = {
			isa = PBXFileSystemSynchronizedRootGroup;
			exceptions = (
				DB45430B2DD6E72800B07E9C /* Exceptions for "DolarAlDia" folder in "DolarAlDia" target */,
			);
			path = DolarAlDia;
			sourceTree = "<group>";
		};
/* End PBXFileSystemSynchronizedRootGroup section */

/* Begin PBXFrameworksBuildPhase section */
		DBF6672A2CFC369100394884 /* Frameworks */ = {
			isa = PBXFrameworksBuildPhase;
			buildActionMask = 2147483647;
			files = (
				DB3C890E2D0FA84600CB40CE /* FirebaseAppCheck in Frameworks */,
				DB3C89082D0FA84600CB40CE /* FirebaseAnalytics in Frameworks */,
				DB2D42CD2DB58C4D000AF79B /* FirebaseMessaging in Frameworks */,
				DB3C89102D0FA84600CB40CE /* FirebaseAppDistribution-Beta in Frameworks */,
				DB3C89142D0FA84600CB40CE /* FirebaseCrashlytics in Frameworks */,
				DB3C890C2D0FA84600CB40CE /* FirebaseAnalyticsWithoutAdIdSupport in Frameworks */,
				DB3C89182D0FA84600CB40CE /* FirebaseFirestore in Frameworks */,
				DB3C89122D0FA84600CB40CE /* FirebaseCore in Frameworks */,
				DB3C89162D0FA84600CB40CE /* FirebaseDatabase in Frameworks */,
				DB3C890A2D0FA84600CB40CE /* FirebaseAnalyticsOnDeviceConversion in Frameworks */,
			);
			runOnlyForDeploymentPostprocessing = 0;
		};
/* End PBXFrameworksBuildPhase section */

/* Begin PBXGroup section */
		DB2D42CB2DB58C4D000AF79B /* Frameworks */ = {
			isa = PBXGroup;
			children = (
			);
			name = Frameworks;
			sourceTree = "<group>";
		};
		DBA82F722CFD7296004A0C4F /* Componets */ = {
			isa = PBXGroup;
			children = (
				DB251C0C2D064BAD0000D82F /* MenuView.swift */,
				DBA82F732CFD72DB004A0C4F /* BotonInfoPrecio.swift */,
				DBA82F802CFE44CE004A0C4F /* TextFieldPersonal.swift */,
				DB251C062D0573270000D82F /* ResultSheet.swift */,
				DBC080992D091C7800BF2923 /* LabeledTextFieldWithIcon.swift */,
				DBBEF0E12D11F46F00ED3FA1 /* MenuSliderView.swift */,
			);
			path = Componets;
			sourceTree = "<group>";
		};
		DBA82F822CFEB862004A0C4F /* Model */ = {
			isa = PBXGroup;
			children = (
				DB7C632A2DCFCAFB001CC983 /* BCVHistoryModels.swift */,
				DBA82F832CFEB876004A0C4F /* Model.swift */,
				DB251C102D06CFDE0000D82F /* MonitorListViewModel.swift */,
				DBC080952D07FC1300BF2923 /* MonitorBcvListViewModel.swift */,
				DBC0809D2D0920D600BF2923 /* UserData.swift */,
				DBC0809F2D09210400BF2923 /* UserDataManager.swift */,
			);
			path = Model;
			sourceTree = "<group>";
		};
		DBF667242CFC369100394884 = {
			isa = PBXGroup;
			children = (
				DBA82F822CFEB862004A0C4F /* Model */,
				DBA82F722CFD7296004A0C4F /* Componets */,
				DBF6672F2CFC369100394884 /* DolarAlDia */,
				DB2D42CB2DB58C4D000AF79B /* Frameworks */,
				DBF6672E2CFC369100394884 /* Products */,
			);
			sourceTree = "<group>";
		};
		DBF6672E2CFC369100394884 /* Products */ = {
			isa = PBXGroup;
			children = (
				DBF6672D2CFC369100394884 /* DolarAlDia.app */,
			);
			name = Products;
			sourceTree = "<group>";
		};
/* End PBXGroup section */

/* Begin PBXNativeTarget section */
		DBF6672C2CFC369100394884 /* DolarAlDia */ = {
			isa = PBXNativeTarget;
			buildConfigurationList = DBF6673B2CFC369300394884 /* Build configuration list for PBXNativeTarget "DolarAlDia" */;
			buildPhases = (
				DBF667292CFC369100394884 /* Sources */,
				DBF6672A2CFC369100394884 /* Frameworks */,
				DBF6672B2CFC369100394884 /* Resources */,
			);
			buildRules = (
			);
			dependencies = (
			);
			fileSystemSynchronizedGroups = (
				DBF6672F2CFC369100394884 /* DolarAlDia */,
			);
			name = DolarAlDia;
			packageProductDependencies = (
				DB3C89072D0FA84600CB40CE /* FirebaseAnalytics */,
				DB3C89092D0FA84600CB40CE /* FirebaseAnalyticsOnDeviceConversion */,
				DB3C890B2D0FA84600CB40CE /* FirebaseAnalyticsWithoutAdIdSupport */,
				DB3C890D2D0FA84600CB40CE /* FirebaseAppCheck */,
				DB3C890F2D0FA84600CB40CE /* FirebaseAppDistribution-Beta */,
				DB3C89112D0FA84600CB40CE /* FirebaseCore */,
				DB3C89132D0FA84600CB40CE /* FirebaseCrashlytics */,
				DB3C89152D0FA84600CB40CE /* FirebaseDatabase */,
				DB3C89172D0FA84600CB40CE /* FirebaseFirestore */,
				DB2D42CC2DB58C4D000AF79B /* FirebaseMessaging */,
			);
			productName = DolarAlDia;
			productReference = DBF6672D2CFC369100394884 /* DolarAlDia.app */;
			productType = "com.apple.product-type.application";
		};
/* End PBXNativeTarget section */

/* Begin PBXProject section */
		DBF667252CFC369100394884 /* Project object */ = {
			isa = PBXProject;
			attributes = {
				BuildIndependentTargetsInParallel = 1;
				LastSwiftUpdateCheck = 1610;
				LastUpgradeCheck = 1610;
				TargetAttributes = {
					DBF6672C2CFC369100394884 = {
						CreatedOnToolsVersion = 16.1;
					};
				};
			};
			buildConfigurationList = DBF667282CFC369100394884 /* Build configuration list for PBXProject "DolarAlDia" */;
			developmentRegion = en;
			hasScannedForEncodings = 0;
			knownRegions = (
				en,
				Base,
			);
			mainGroup = DBF667242CFC369100394884;
			minimizedProjectReferenceProxies = 1;
			packageReferences = (
				DB3C89042D0FA4A300CB40CE /* XCRemoteSwiftPackageReference "firebase-ios-sdk" */,
			);
			preferredProjectObjectVersion = 77;
			productRefGroup = DBF6672E2CFC369100394884 /* Products */;
			projectDirPath = "";
			projectRoot = "";
			targets = (
				DBF6672C2CFC369100394884 /* DolarAlDia */,
			);
		};
/* End PBXProject section */

/* Begin PBXResourcesBuildPhase section */
		DBF6672B2CFC369100394884 /* Resources */ = {
			isa = PBXResourcesBuildPhase;
			buildActionMask = 2147483647;
			files = (
			);
			runOnlyForDeploymentPostprocessing = 0;
		};
/* End PBXResourcesBuildPhase section */

/* Begin PBXSourcesBuildPhase section */
		DBF667292CFC369100394884 /* Sources */ = {
			isa = PBXSourcesBuildPhase;
			buildActionMask = 2147483647;
			files = (
				DBC0809A2D091C7800BF2923 /* LabeledTextFieldWithIcon.swift in Sources */,
				DB251C0D2D064BAD0000D82F /* MenuView.swift in Sources */,
				DB251C072D0573270000D82F /* ResultSheet.swift in Sources */,
				DB7C632B2DCFCB0A001CC983 /* BCVHistoryModels.swift in Sources */,
				DBBEF0E22D11F46F00ED3FA1 /* MenuSliderView.swift in Sources */,
				DB251C112D06CFDE0000D82F /* MonitorListViewModel.swift in Sources */,
				DBA82F742CFD72DB004A0C4F /* BotonInfoPrecio.swift in Sources */,
				DBC0809E2D0920D600BF2923 /* UserData.swift in Sources */,
				DBC080A02D09210400BF2923 /* UserDataManager.swift in Sources */,
				DBC080962D07FC1300BF2923 /* MonitorBcvListViewModel.swift in Sources */,
				DBA82F812CFE44CE004A0C4F /* TextFieldPersonal.swift in Sources */,
				DBA82F842CFEB876004A0C4F /* Model.swift in Sources */,
			);
			runOnlyForDeploymentPostprocessing = 0;
		};
/* End PBXSourcesBuildPhase section */

/* Begin XCBuildConfiguration section */
		DBF667392CFC369300394884 /* Debug */ = {
			isa = XCBuildConfiguration;
			buildSettings = {
				ALWAYS_SEARCH_USER_PATHS = NO;
				ASSETCATALOG_COMPILER_GENERATE_SWIFT_ASSET_SYMBOL_EXTENSIONS = YES;
				CLANG_ANALYZER_NONNULL = YES;
				CLANG_ANALYZER_NUMBER_OBJECT_CONVERSION = YES_AGGRESSIVE;
				CLANG_CXX_LANGUAGE_STANDARD = "gnu++20";
				CLANG_ENABLE_MODULES = YES;
				CLANG_ENABLE_OBJC_ARC = YES;
				CLANG_ENABLE_OBJC_WEAK = YES;
				CLANG_WARN_BLOCK_CAPTURE_AUTORELEASING = YES;
				CLANG_WARN_BOOL_CONVERSION = YES;
				CLANG_WARN_COMMA = YES;
				CLANG_WARN_CONSTANT_CONVERSION = YES;
				CLANG_WARN_DEPRECATED_OBJC_IMPLEMENTATIONS = YES;
				CLANG_WARN_DIRECT_OBJC_ISA_USAGE = YES_ERROR;
				CLANG_WARN_DOCUMENTATION_COMMENTS = YES;
				CLANG_WARN_EMPTY_BODY = YES;
				CLANG_WARN_ENUM_CONVERSION = YES;
				CLANG_WARN_INFINITE_RECURSION = YES;
				CLANG_WARN_INT_CONVERSION = YES;
				CLANG_WARN_NON_LITERAL_NULL_CONVERSION = YES;
				CLANG_WARN_OBJC_IMPLICIT_RETAIN_SELF = YES;
				CLANG_WARN_OBJC_LITERAL_CONVERSION = YES;
				CLANG_WARN_OBJC_ROOT_CLASS = YES_ERROR;
				CLANG_WARN_QUOTED_INCLUDE_IN_FRAMEWORK_HEADER = YES;
				CLANG_WARN_RANGE_LOOP_ANALYSIS = YES;
				CLANG_WARN_STRICT_PROTOTYPES = YES;
				CLANG_WARN_SUSPICIOUS_MOVE = YES;
				CLANG_WARN_UNGUARDED_AVAILABILITY = YES_AGGRESSIVE;
				CLANG_WARN_UNREACHABLE_CODE = YES;
				CLANG_WARN__DUPLICATE_METHOD_MATCH = YES;
				COPY_PHASE_STRIP = NO;
				DEBUG_INFORMATION_FORMAT = dwarf;
				ENABLE_STRICT_OBJC_MSGSEND = YES;
				ENABLE_TESTABILITY = YES;
				ENABLE_USER_SCRIPT_SANDBOXING = YES;
				GCC_C_LANGUAGE_STANDARD = gnu17;
				GCC_DYNAMIC_NO_PIC = NO;
				GCC_NO_COMMON_BLOCKS = YES;
				GCC_OPTIMIZATION_LEVEL = 0;
				GCC_PREPROCESSOR_DEFINITIONS = (
					"DEBUG=1",
					"$(inherited)",
				);
				GCC_WARN_64_TO_32_BIT_CONVERSION = YES;
				GCC_WARN_ABOUT_RETURN_TYPE = YES_ERROR;
				GCC_WARN_UNDECLARED_SELECTOR = YES;
				GCC_WARN_UNINITIALIZED_AUTOS = YES_AGGRESSIVE;
				GCC_WARN_UNUSED_FUNCTION = YES;
				GCC_WARN_UNUSED_VARIABLE = YES;
				IPHONEOS_DEPLOYMENT_TARGET = 18.1;
				LOCALIZATION_PREFERS_STRING_CATALOGS = YES;
				MTL_ENABLE_DEBUG_INFO = INCLUDE_SOURCE;
				MTL_FAST_MATH = YES;
				ONLY_ACTIVE_ARCH = YES;
				SDKROOT = iphoneos;
				SWIFT_ACTIVE_COMPILATION_CONDITIONS = "DEBUG $(inherited)";
				SWIFT_OPTIMIZATION_LEVEL = "-Onone";
			};
			name = Debug;
		};
		DBF6673A2CFC369300394884 /* Release */ = {
			isa = XCBuildConfiguration;
			buildSettings = {
				ALWAYS_SEARCH_USER_PATHS = NO;
				ASSETCATALOG_COMPILER_GENERATE_SWIFT_ASSET_SYMBOL_EXTENSIONS = YES;
				CLANG_ANALYZER_NONNULL = YES;
				CLANG_ANALYZER_NUMBER_OBJECT_CONVERSION = YES_AGGRESSIVE;
				CLANG_CXX_LANGUAGE_STANDARD = "gnu++20";
				CLANG_ENABLE_MODULES = YES;
				CLANG_ENABLE_OBJC_ARC = YES;
				CLANG_ENABLE_OBJC_WEAK = YES;
				CLANG_WARN_BLOCK_CAPTURE_AUTORELEASING = YES;
				CLANG_WARN_BOOL_CONVERSION = YES;
				CLANG_WARN_COMMA = YES;
				CLANG_WARN_CONSTANT_CONVERSION = YES;
				CLANG_WARN_DEPRECATED_OBJC_IMPLEMENTATIONS = YES;
				CLANG_WARN_DIRECT_OBJC_ISA_USAGE = YES_ERROR;
				CLANG_WARN_DOCUMENTATION_COMMENTS = YES;
				CLANG_WARN_EMPTY_BODY = YES;
				CLANG_WARN_ENUM_CONVERSION = YES;
				CLANG_WARN_INFINITE_RECURSION = YES;
				CLANG_WARN_INT_CONVERSION = YES;
				CLANG_WARN_NON_LITERAL_NULL_CONVERSION = YES;
				CLANG_WARN_OBJC_IMPLICIT_RETAIN_SELF = YES;
				CLANG_WARN_OBJC_LITERAL_CONVERSION = YES;
				CLANG_WARN_OBJC_ROOT_CLASS = YES_ERROR;
				CLANG_WARN_QUOTED_INCLUDE_IN_FRAMEWORK_HEADER = YES;
				CLANG_WARN_RANGE_LOOP_ANALYSIS = YES;
				CLANG_WARN_STRICT_PROTOTYPES = YES;
				CLANG_WARN_SUSPICIOUS_MOVE = YES;
				CLANG_WARN_UNGUARDED_AVAILABILITY = YES_AGGRESSIVE;
				CLANG_WARN_UNREACHABLE_CODE = YES;
				CLANG_WARN__DUPLICATE_METHOD_MATCH = YES;
				COPY_PHASE_STRIP = NO;
				DEBUG_INFORMATION_FORMAT = "dwarf-with-dsym";
				ENABLE_NS_ASSERTIONS = NO;
				ENABLE_STRICT_OBJC_MSGSEND = YES;
				ENABLE_USER_SCRIPT_SANDBOXING = YES;
				GCC_C_LANGUAGE_STANDARD = gnu17;
				GCC_NO_COMMON_BLOCKS = YES;
				GCC_WARN_64_TO_32_BIT_CONVERSION = YES;
				GCC_WARN_ABOUT_RETURN_TYPE = YES_ERROR;
				GCC_WARN_UNDECLARED_SELECTOR = YES;
				GCC_WARN_UNINITIALIZED_AUTOS = YES_AGGRESSIVE;
				GCC_WARN_UNUSED_FUNCTION = YES;
				GCC_WARN_UNUSED_VARIABLE = YES;
				IPHONEOS_DEPLOYMENT_TARGET = 18.1;
				LOCALIZATION_PREFERS_STRING_CATALOGS = YES;
				MTL_ENABLE_DEBUG_INFO = NO;
				MTL_FAST_MATH = YES;
				SDKROOT = iphoneos;
				SWIFT_COMPILATION_MODE = wholemodule;
				VALIDATE_PRODUCT = YES;
			};
			name = Release;
		};
		DBF6673C2CFC369300394884 /* Debug */ = {
			isa = XCBuildConfiguration;
			buildSettings = {
				ASSETCATALOG_COMPILER_APPICON_NAME = AppIcon;
				ASSETCATALOG_COMPILER_GLOBAL_ACCENT_COLOR_NAME = AccentColor;
				CODE_SIGN_ENTITLEMENTS = DolarAlDia/DolarAlDia.entitlements;
				CODE_SIGN_STYLE = Automatic;
				CURRENT_PROJECT_VERSION = 1;
				DEBUG_INFORMATION_FORMAT = "dwarf-with-dsym";
				DEVELOPMENT_ASSET_PATHS = "\"DolarAlDia/Preview Content\"";
				DEVELOPMENT_TEAM = NAY94AP2YJ;
				ENABLE_PREVIEWS = YES;
				GENERATE_INFOPLIST_FILE = YES;
				INFOPLIST_FILE = DolarAlDia/Info.plist;
				INFOPLIST_KEY_CFBundleDisplayName = "Dolar Al Dia";
				INFOPLIST_KEY_UIApplicationSceneManifest_Generation = YES;
				INFOPLIST_KEY_UIApplicationSupportsIndirectInputEvents = YES;
				INFOPLIST_KEY_UILaunchScreen_Generation = YES;
				INFOPLIST_KEY_UISupportedInterfaceOrientations_iPad = "UIInterfaceOrientationPortrait UIInterfaceOrientationPortraitUpsideDown UIInterfaceOrientationLandscapeLeft UIInterfaceOrientationLandscapeRight";
				INFOPLIST_KEY_UISupportedInterfaceOrientations_iPhone = "UIInterfaceOrientationPortrait UIInterfaceOrientationLandscapeLeft UIInterfaceOrientationLandscapeRight";
				IPHONEOS_DEPLOYMENT_TARGET = 17.6;
				LD_RUNPATH_SEARCH_PATHS = (
					"$(inherited)",
					"@executable_path/Frameworks",
				);
				MARKETING_VERSION = 1.0;
				PRODUCT_BUNDLE_IDENTIFIER = Desoftsis.DolarAlDia;
				PRODUCT_NAME = "$(TARGET_NAME)";
				SWIFT_EMIT_LOC_STRINGS = YES;
				SWIFT_VERSION = 5.0;
				TARGETED_DEVICE_FAMILY = "1,2";
			};
			name = Debug;
		};
		DBF6673D2CFC369300394884 /* Release */ = {
			isa = XCBuildConfiguration;
			buildSettings = {
				ASSETCATALOG_COMPILER_APPICON_NAME = AppIcon;
				ASSETCATALOG_COMPILER_GLOBAL_ACCENT_COLOR_NAME = AccentColor;
				CODE_SIGN_ENTITLEMENTS = DolarAlDia/DolarAlDia.entitlements;
				CODE_SIGN_STYLE = Automatic;
				CURRENT_PROJECT_VERSION = 1;
				DEVELOPMENT_ASSET_PATHS = "\"DolarAlDia/Preview Content\"";
				DEVELOPMENT_TEAM = NAY94AP2YJ;
				ENABLE_PREVIEWS = YES;
				GENERATE_INFOPLIST_FILE = YES;
				INFOPLIST_FILE = DolarAlDia/Info.plist;
				INFOPLIST_KEY_CFBundleDisplayName = "Dolar Al Dia";
				INFOPLIST_KEY_UIApplicationSceneManifest_Generation = YES;
				INFOPLIST_KEY_UIApplicationSupportsIndirectInputEvents = YES;
				INFOPLIST_KEY_UILaunchScreen_Generation = YES;
				INFOPLIST_KEY_UISupportedInterfaceOrientations_iPad = "UIInterfaceOrientationPortrait UIInterfaceOrientationPortraitUpsideDown UIInterfaceOrientationLandscapeLeft UIInterfaceOrientationLandscapeRight";
				INFOPLIST_KEY_UISupportedInterfaceOrientations_iPhone = "UIInterfaceOrientationPortrait UIInterfaceOrientationLandscapeLeft UIInterfaceOrientationLandscapeRight";
				IPHONEOS_DEPLOYMENT_TARGET = 17.6;
				LD_RUNPATH_SEARCH_PATHS = (
					"$(inherited)",
					"@executable_path/Frameworks",
				);
				MARKETING_VERSION = 1.0;
				PRODUCT_BUNDLE_IDENTIFIER = Desoftsis.DolarAlDia;
				PRODUCT_NAME = "$(TARGET_NAME)";
				SWIFT_EMIT_LOC_STRINGS = YES;
				SWIFT_VERSION = 5.0;
				TARGETED_DEVICE_FAMILY = "1,2";
			};
			name = Release;
		};
/* End XCBuildConfiguration section */

/* Begin XCConfigurationList section */
		DBF667282CFC369100394884 /* Build configuration list for PBXProject "DolarAlDia" */ = {
			isa = XCConfigurationList;
			buildConfigurations = (
				DBF667392CFC369300394884 /* Debug */,
				DBF6673A2CFC369300394884 /* Release */,
			);
			defaultConfigurationIsVisible = 0;
			defaultConfigurationName = Release;
		};
		DBF6673B2CFC369300394884 /* Build configuration list for PBXNativeTarget "DolarAlDia" */ = {
			isa = XCConfigurationList;
			buildConfigurations = (
				DBF6673C2CFC369300394884 /* Debug */,
				DBF6673D2CFC369300394884 /* Release */,
			);
			defaultConfigurationIsVisible = 0;
			defaultConfigurationName = Release;
		};
/* End XCConfigurationList section */

/* Begin XCRemoteSwiftPackageReference section */
		DB3C89042D0FA4A300CB40CE /* XCRemoteSwiftPackageReference "firebase-ios-sdk" */ = {
			isa = XCRemoteSwiftPackageReference;
			repositoryURL = "https://github.com/firebase/firebase-ios-sdk";
			requirement = {
				kind = upToNextMajorVersion;
				minimumVersion = 11.6.0;
			};
		};
/* End XCRemoteSwiftPackageReference section */

/* Begin XCSwiftPackageProductDependency section */
		DB2D42CC2DB58C4D000AF79B /* FirebaseMessaging */ = {
			isa = XCSwiftPackageProductDependency;
			package = DB3C89042D0FA4A300CB40CE /* XCRemoteSwiftPackageReference "firebase-ios-sdk" */;
			productName = FirebaseMessaging;
		};
		DB3C89072D0FA84600CB40CE /* FirebaseAnalytics */ = {
			isa = XCSwiftPackageProductDependency;
			package = DB3C89042D0FA4A300CB40CE /* XCRemoteSwiftPackageReference "firebase-ios-sdk" */;
			productName = FirebaseAnalytics;
		};
		DB3C89092D0FA84600CB40CE /* FirebaseAnalyticsOnDeviceConversion */ = {
			isa = XCSwiftPackageProductDependency;
			package = DB3C89042D0FA4A300CB40CE /* XCRemoteSwiftPackageReference "firebase-ios-sdk" */;
			productName = FirebaseAnalyticsOnDeviceConversion;
		};
		DB3C890B2D0FA84600CB40CE /* FirebaseAnalyticsWithoutAdIdSupport */ = {
			isa = XCSwiftPackageProductDependency;
			package = DB3C89042D0FA4A300CB40CE /* XCRemoteSwiftPackageReference "firebase-ios-sdk" */;
			productName = FirebaseAnalyticsWithoutAdIdSupport;
		};
		DB3C890D2D0FA84600CB40CE /* FirebaseAppCheck */ = {
			isa = XCSwiftPackageProductDependency;
			package = DB3C89042D0FA4A300CB40CE /* XCRemoteSwiftPackageReference "firebase-ios-sdk" */;
			productName = FirebaseAppCheck;
		};
		DB3C890F2D0FA84600CB40CE /* FirebaseAppDistribution-Beta */ = {
			isa = XCSwiftPackageProductDependency;
			package = DB3C89042D0FA4A300CB40CE /* XCRemoteSwiftPackageReference "firebase-ios-sdk" */;
			productName = "FirebaseAppDistribution-Beta";
		};
		DB3C89112D0FA84600CB40CE /* FirebaseCore */ = {
			isa = XCSwiftPackageProductDependency;
			package = DB3C89042D0FA4A300CB40CE /* XCRemoteSwiftPackageReference "firebase-ios-sdk" */;
			productName = FirebaseCore;
		};
		DB3C89132D0FA84600CB40CE /* FirebaseCrashlytics */ = {
			isa = XCSwiftPackageProductDependency;
			package = DB3C89042D0FA4A300CB40CE /* XCRemoteSwiftPackageReference "firebase-ios-sdk" */;
			productName = FirebaseCrashlytics;
		};
		DB3C89152D0FA84600CB40CE /* FirebaseDatabase */ = {
			isa = XCSwiftPackageProductDependency;
			package = DB3C89042D0FA4A300CB40CE /* XCRemoteSwiftPackageReference "firebase-ios-sdk" */;
			productName = FirebaseDatabase;
		};
		DB3C89172D0FA84600CB40CE /* FirebaseFirestore */ = {
			isa = XCSwiftPackageProductDependency;
			package = DB3C89042D0FA4A300CB40CE /* XCRemoteSwiftPackageReference "firebase-ios-sdk" */;
			productName = FirebaseFirestore;
		};
/* End XCSwiftPackageProductDependency section */
	};
	rootObject = DBF667252CFC369100394884 /* Project object */;
}
